
Microsoft Visual Studio Solution File, Format Version 12.00
# Visual Studio Version 17
VisualStudioVersion = 17.5.33516.290
MinimumVisualStudioVersion = 10.0.40219.1
Project("{9A19103F-16F7-4668-BE54-9A1E7A4F7556}") = "ChatClient", "CHATAPP\ChatClient.csproj", "{A4B841AA-263D-4E5A-B775-A27922387670}"
EndProject
Project("{9A19103F-16F7-4668-BE54-9A1E7A4F7556}") = "Chat Szerver", "Chat Szerver\Chat Szerver.csproj", "{787FE73C-1E7D-48F2-A4BD-795DA9A05889}"
EndProject
Global
	GlobalSection(SolutionConfigurationPlatforms) = preSolution
		Debug|Any CPU = Debug|Any CPU
		Release|Any CPU = Release|Any CPU
	EndGlobalSection
	GlobalSection(ProjectConfigurationPlatforms) = postSolution
		{A4B841AA-263D-4E5A-B775-A27922387670}.Debug|Any CPU.ActiveCfg = Debug|Any CPU
		{A4B841AA-263D-4E5A-B775-A27922387670}.Debug|Any CPU.Build.0 = Debug|Any CPU
		{A4B841AA-263D-4E5A-B775-A27922387670}.Release|Any CPU.ActiveCfg = Release|Any CPU
		{A4B841AA-263D-4E5A-B775-A27922387670}.Release|Any CPU.Build.0 = Release|Any CPU
		{787FE73C-1E7D-48F2-A4BD-795DA9A05889}.Debug|Any CPU.ActiveCfg = Debug|Any CPU
		{787FE73C-1E7D-48F2-A4BD-795DA9A05889}.Debug|Any CPU.Build.0 = Debug|Any CPU
		{787FE73C-1E7D-48F2-A4BD-795DA9A05889}.Release|Any CPU.ActiveCfg = Release|Any CPU
		{787FE73C-1E7D-48F2-A4BD-795DA9A05889}.Release|Any CPU.Build.0 = Release|Any CPU
	EndGlobalSection
	GlobalSection(SolutionProperties) = preSolution
		HideSolutionNode = FALSE
	EndGlobalSection
	GlobalSection(ExtensibilityGlobals) = postSolution
		SolutionGuid = {6881E6B9-6DA5-446F-9662-404F61DBEE8C}
	EndGlobalSection
EndGlobal
